
Microsoft Visual Studio Solution File, Format Version 12.00
# Visual Studio 14
VisualStudioVersion = 14.0.25420.1
MinimumVisualStudioVersion = 10.0.40219.1
Project("{2150E333-8FDC-42A3-9474-1A3956D46DE8}") = "src", "src", "{8CEDCAAD-01D6-4369-B16E-312F72461D90}"
EndProject
Project("{2150E333-8FDC-42A3-9474-1A3956D46DE8}") = "Solution Items", "Solution Items", "{9B7C7433-7443-4484-B9E9-D54DAE3928F2}"
	ProjectSection(SolutionItems) = preProject
		global.json = global.json
	EndProjectSection
EndProject
Project("{8BB2217D-0F2D-49D1-97BC-3654ED321F3B}") = "univ", "src\univ\univ.xproj", "{43ACFC5D-D154-4DC5-BD86-FE535DEB1BEF}"
EndProject
Global
	GlobalSection(SolutionConfigurationPlatforms) = preSolution
		Debug|Any CPU = Debug|Any CPU
		Release|Any CPU = Release|Any CPU
	EndGlobalSection
	GlobalSection(ProjectConfigurationPlatforms) = postSolution
		{43ACFC5D-D154-4DC5-BD86-FE535DEB1BEF}.Debug|Any CPU.ActiveCfg = Debug|Any CPU
		{43ACFC5D-D154-4DC5-BD86-FE535DEB1BEF}.Debug|Any CPU.Build.0 = Debug|Any CPU
		{43ACFC5D-D154-4DC5-BD86-FE535DEB1BEF}.Release|Any CPU.ActiveCfg = Release|Any CPU
		{43ACFC5D-D154-4DC5-BD86-FE535DEB1BEF}.Release|Any CPU.Build.0 = Release|Any CPU
	EndGlobalSection
	GlobalSection(SolutionProperties) = preSolution
		HideSolutionNode = FALSE
	EndGlobalSection
	GlobalSection(NestedProjects) = preSolution
		{43ACFC5D-D154-4DC5-BD86-FE535DEB1BEF} = {8CEDCAAD-01D6-4369-B16E-312F72461D90}
	EndGlobalSection
EndGlobal
